
Microsoft Visual Studio Solution File, Format Version 12.00
Project("{FAE04EC0-301F-11D3-BF4B-00C04F79EFBC}") = "recursive_extension_metotlar", "recursive_extension_metotlar\recursive_extension_metotlar.csproj", "{91BC09B2-6BB4-4252-BD8A-75183927FBA0}"
EndProject
Global
	GlobalSection(SolutionConfigurationPlatforms) = preSolution
		Debug|Any CPU = Debug|Any CPU
		Release|Any CPU = Release|Any CPU
	EndGlobalSection
	GlobalSection(ProjectConfigurationPlatforms) = postSolution
		{91BC09B2-6BB4-4252-BD8A-75183927FBA0}.Debug|Any CPU.ActiveCfg = Debug|Any CPU
		{91BC09B2-6BB4-4252-BD8A-75183927FBA0}.Debug|Any CPU.Build.0 = Debug|Any CPU
		{91BC09B2-6BB4-4252-BD8A-75183927FBA0}.Release|Any CPU.ActiveCfg = Release|Any CPU
		{91BC09B2-6BB4-4252-BD8A-75183927FBA0}.Release|Any CPU.Build.0 = Release|Any CPU
	EndGlobalSection
EndGlobal
